PATH
  remote: .
  specs:
    qc (0.6.5)
      httparty (~> 0.15.6)
      rest-client (~> 2.0.2)
      vcr (~> 3.0.3)
      webmock (~> 3.1.0)

GEM
  remote: https://rubygems.org/
  specs:
    addressable (2.5.2)
      public_suffix (>= 2.0.2, < 4.0)
    awesome_print (1.8.0)
    crack (0.4.3)
      safe_yaml (~> 1.0.0)
    domain_name (0.5.20170404)
      unf (>= 0.0.5, < 1.0.0)
    hashdiff (0.3.7)
    http-cookie (1.0.3)
      domain_name (~> 0.5)
    httparty (0.15.6)
      multi_xml (>= 0.5.2)
    mime-types (3.1)
      mime-types-data (~> 3.2015)
    mime-types-data (3.2016.0521)
    minitest (5.10.3)
    multi_xml (0.6.0)
    netrc (0.11.0)
    public_suffix (3.0.1)
    rake (10.5.0)
    rest-client (2.0.2)
      http-cookie (>= 1.0.2, < 2.0)
      mime-types (>= 1.16, < 4.0)
      netrc (~> 0.8)
    safe_yaml (1.0.4)
    unf (0.1.4)
      unf_ext
    unf_ext (0.0.7.4)
    vcr (3.0.3)
    webmock (3.1.1)
      addressable (>= 2.3.6)
      crack (>= 0.3.2)
      hashdiff

PLATFORMS
  ruby

DEPENDENCIES
  awesome_print
  bundler (~> 1.15)
  minitest (~> 5.0)
  qc!
  rake (~> 10.0)

BUNDLED WITH
   1.15.4
